
Microsoft Visual Studio Solution File, Format Version 12.00
# Visual Studio Version 16
VisualStudioVersion = 25.0.1706.10
MinimumVisualStudioVersion = 10.0.40219.1
Project("{FAE04EC0-301F-11D3-BF4B-00C04F79EFBC}") = "APISensores", "APISensores\APISensores.csproj", "{FD18C9C4-D6D5-4C57-BE62-9DDF6D1EDC87}"
EndProject
Global
	GlobalSection(SolutionConfigurationPlatforms) = preSolution
		Debug|Any CPU = Debug|Any CPU
		Release|Any CPU = Release|Any CPU
	EndGlobalSection
	GlobalSection(ProjectConfigurationPlatforms) = postSolution
		{FD18C9C4-D6D5-4C57-BE62-9DDF6D1EDC87}.Debug|Any CPU.ActiveCfg = Debug|Any CPU
		{FD18C9C4-D6D5-4C57-BE62-9DDF6D1EDC87}.Debug|Any CPU.Build.0 = Debug|Any CPU
		{FD18C9C4-D6D5-4C57-BE62-9DDF6D1EDC87}.Release|Any CPU.ActiveCfg = Release|Any CPU
		{FD18C9C4-D6D5-4C57-BE62-9DDF6D1EDC87}.Release|Any CPU.Build.0 = Release|Any CPU
	EndGlobalSection
	GlobalSection(SolutionProperties) = preSolution
		HideSolutionNode = FALSE
	EndGlobalSection
	GlobalSection(ExtensibilityGlobals) = postSolution
		SolutionGuid = {E6133B81-FEE2-43B6-8183-A21D55BBF8FF}
	EndGlobalSection
EndGlobal
